
Microsoft Visual Studio Solution File, Format Version 12.00
# Visual Studio 15
VisualStudioVersion = 15.0.28307.489
MinimumVisualStudioVersion = 10.0.40219.1
Project("{FAE04EC0-301F-11D3-BF4B-00C04F79EFBC}") = "Project_Backend", "Project_Backend\Project_Backend.csproj", "{52226FFA-B0F4-4018-BC31-3107F25FCE4D}"
EndProject
Global
	GlobalSection(SolutionConfigurationPlatforms) = preSolution
		Debug|Any CPU = Debug|Any CPU
		Release|Any CPU = Release|Any CPU
	EndGlobalSection
	GlobalSection(ProjectConfigurationPlatforms) = postSolution
		{52226FFA-B0F4-4018-BC31-3107F25FCE4D}.Debug|Any CPU.ActiveCfg = Debug|Any CPU
		{52226FFA-B0F4-4018-BC31-3107F25FCE4D}.Debug|Any CPU.Build.0 = Debug|Any CPU
		{52226FFA-B0F4-4018-BC31-3107F25FCE4D}.Release|Any CPU.ActiveCfg = Release|Any CPU
		{52226FFA-B0F4-4018-BC31-3107F25FCE4D}.Release|Any CPU.Build.0 = Release|Any CPU
	EndGlobalSection
	GlobalSection(SolutionProperties) = preSolution
		HideSolutionNode = FALSE
	EndGlobalSection
	GlobalSection(ExtensibilityGlobals) = postSolution
		SolutionGuid = {CE830E2F-2210-4F82-AEB3-8EDE0B12278C}
	EndGlobalSection
EndGlobal
